
Microsoft Visual Studio Solution File, Format Version 12.00
# Visual Studio Version 17
VisualStudioVersion = 17.0.31912.275
MinimumVisualStudioVersion = 10.0.40219.1
Project("{FAE04EC0-301F-11D3-BF4B-00C04F79EFBC}") = "Librería", "Librería\Librería.csproj", "{5B1FEC7A-83A0-4667-B68E-A7776FB5F980}"
EndProject
Global
	GlobalSection(SolutionConfigurationPlatforms) = preSolution
		Debug|Any CPU = Debug|Any CPU
		Release|Any CPU = Release|Any CPU
	EndGlobalSection
	GlobalSection(ProjectConfigurationPlatforms) = postSolution
		{5B1FEC7A-83A0-4667-B68E-A7776FB5F980}.Debug|Any CPU.ActiveCfg = Debug|Any CPU
		{5B1FEC7A-83A0-4667-B68E-A7776FB5F980}.Debug|Any CPU.Build.0 = Debug|Any CPU
		{5B1FEC7A-83A0-4667-B68E-A7776FB5F980}.Release|Any CPU.ActiveCfg = Release|Any CPU
		{5B1FEC7A-83A0-4667-B68E-A7776FB5F980}.Release|Any CPU.Build.0 = Release|Any CPU
	EndGlobalSection
	GlobalSection(SolutionProperties) = preSolution
		HideSolutionNode = FALSE
	EndGlobalSection
	GlobalSection(ExtensibilityGlobals) = postSolution
		SolutionGuid = {32BD677F-8453-49E5-A379-DEF3964B043D}
	EndGlobalSection
EndGlobal
